
Microsoft Visual Studio Solution File, Format Version 12.00
# Visual Studio Version 16
VisualStudioVersion = 16.0.34031.81
MinimumVisualStudioVersion = 10.0.40219.1
Project("{2150E333-8FDC-42A3-9474-1A3956D46DE8}") = "Task0", "Task0", "{112A482F-1AFF-44DC-9D2D-9F230DE11C4B}"
EndProject
Project("{FAE04EC0-301F-11D3-BF4B-00C04F79EFBC}") = "Tyuiu.PaulikKV.Sprint4.Task0.V9.Test", "Tyuiu.PaulikKV.Sprint4.Task0.V9.Test\Tyuiu.PaulikKV.Sprint4.Task0.V9.Test.csproj", "{75A78D84-D682-42FA-B6AC-1C0A52B4313C}"
EndProject
Project("{FAE04EC0-301F-11D3-BF4B-00C04F79EFBC}") = "Tyuiu.PaulikKV.Sprint4.Task0.V9", "Tyuiu.PaulikKV.Sprint4.Task0.V9\Tyuiu.PaulikKV.Sprint4.Task0.V9.csproj", "{3C8EDDAB-720D-4727-8A01-1ABF4B3C540C}"
EndProject
Project("{FAE04EC0-301F-11D3-BF4B-00C04F79EFBC}") = "Tyuiu.PaulikKV.Sprint4.Task0.V9.Lib", "Tyuiu.PaulikKV.Sprint4.Task0.V9.Lib\Tyuiu.PaulikKV.Sprint4.Task0.V9.Lib.csproj", "{426686E4-EC59-463C-9C29-BE44B867C4F7}"
EndProject
Global
	GlobalSection(SolutionConfigurationPlatforms) = preSolution
		Debug|Any CPU = Debug|Any CPU
		Release|Any CPU = Release|Any CPU
	EndGlobalSection
	GlobalSection(ProjectConfigurationPlatforms) = postSolution
		{75A78D84-D682-42FA-B6AC-1C0A52B4313C}.Debug|Any CPU.ActiveCfg = Debug|Any CPU
		{75A78D84-D682-42FA-B6AC-1C0A52B4313C}.Debug|Any CPU.Build.0 = Debug|Any CPU
		{75A78D84-D682-42FA-B6AC-1C0A52B4313C}.Release|Any CPU.ActiveCfg = Release|Any CPU
		{75A78D84-D682-42FA-B6AC-1C0A52B4313C}.Release|Any CPU.Build.0 = Release|Any CPU
		{3C8EDDAB-720D-4727-8A01-1ABF4B3C540C}.Debug|Any CPU.ActiveCfg = Debug|Any CPU
		{3C8EDDAB-720D-4727-8A01-1ABF4B3C540C}.Debug|Any CPU.Build.0 = Debug|Any CPU
		{3C8EDDAB-720D-4727-8A01-1ABF4B3C540C}.Release|Any CPU.ActiveCfg = Release|Any CPU
		{3C8EDDAB-720D-4727-8A01-1ABF4B3C540C}.Release|Any CPU.Build.0 = Release|Any CPU
		{426686E4-EC59-463C-9C29-BE44B867C4F7}.Debug|Any CPU.ActiveCfg = Debug|Any CPU
		{426686E4-EC59-463C-9C29-BE44B867C4F7}.Debug|Any CPU.Build.0 = Debug|Any CPU
		{426686E4-EC59-463C-9C29-BE44B867C4F7}.Release|Any CPU.ActiveCfg = Release|Any CPU
		{426686E4-EC59-463C-9C29-BE44B867C4F7}.Release|Any CPU.Build.0 = Release|Any CPU
	EndGlobalSection
	GlobalSection(SolutionProperties) = preSolution
		HideSolutionNode = FALSE
	EndGlobalSection
	GlobalSection(NestedProjects) = preSolution
		{75A78D84-D682-42FA-B6AC-1C0A52B4313C} = {112A482F-1AFF-44DC-9D2D-9F230DE11C4B}
		{3C8EDDAB-720D-4727-8A01-1ABF4B3C540C} = {112A482F-1AFF-44DC-9D2D-9F230DE11C4B}
		{426686E4-EC59-463C-9C29-BE44B867C4F7} = {112A482F-1AFF-44DC-9D2D-9F230DE11C4B}
	EndGlobalSection
	GlobalSection(ExtensibilityGlobals) = postSolution
		SolutionGuid = {F54ED04F-F099-498E-9395-E413AF3C8DAA}
	EndGlobalSection
EndGlobal
