
Microsoft Visual Studio Solution File, Format Version 12.00
# Visual Studio Version 16
VisualStudioVersion = 16.0.34031.81
MinimumVisualStudioVersion = 10.0.40219.1
Project("{2150E333-8FDC-42A3-9474-1A3956D46DE8}") = "Task0", "Task0", "{112A482F-1AFF-44DC-9D2D-9F230DE11C4B}"
EndProject
Project("{FAE04EC0-301F-11D3-BF4B-00C04F79EFBC}") = "Tyuiu.PaulikKV.Sprint4.Task0.V9.Test", "Tyuiu.PaulikKV.Sprint4.Task0.V9.Test\Tyuiu.PaulikKV.Sprint4.Task0.V9.Test.csproj", "{75A78D84-D682-42FA-B6AC-1C0A52B4313C}"
EndProject
Project("{FAE04EC0-301F-11D3-BF4B-00C04F79EFBC}") = "Tyuiu.PaulikKV.Sprint4.Task0.V9", "Tyuiu.PaulikKV.Sprint4.Task0.V9\Tyuiu.PaulikKV.Sprint4.Task0.V9.csproj", "{3C8EDDAB-720D-4727-8A01-1ABF4B3C540C}"
EndProject
Project("{FAE04EC0-301F-11D3-BF4B-00C04F79EFBC}") = "Tyuiu.PaulikKV.Sprint4.Task0.V9.Lib", "Tyuiu.PaulikKV.Sprint4.Task0.V9.Lib\Tyuiu.PaulikKV.Sprint4.Task0.V9.Lib.csproj", "{426686E4-EC59-463C-9C29-BE44B867C4F7}"
EndProject
Project("{2150E333-8FDC-42A3-9474-1A3956D46DE8}") = "Task1", "Task1", "{6452838D-B32B-4413-BBD1-B5DBC3C74D50}"
EndProject
Project("{FAE04EC0-301F-11D3-BF4B-00C04F79EFBC}") = "Tyuiu.PaulikKV.Sprint4.Task1.V28", "Tyuiu.PaulikKV.Sprint4.Task1.V28\Tyuiu.PaulikKV.Sprint4.Task1.V28.csproj", "{0BE994F9-D895-4D23-9464-FA9C30747FC3}"
EndProject
Project("{FAE04EC0-301F-11D3-BF4B-00C04F79EFBC}") = "Tyuiu.PaulikKV.Sprint4.Task1.V29.Lib", "Tyuiu.PaulikKV.Sprint4.Task1.V29.Lib\Tyuiu.PaulikKV.Sprint4.Task1.V29.Lib.csproj", "{75414679-6C24-461C-9953-2C6EA7EE8A9D}"
EndProject
Project("{FAE04EC0-301F-11D3-BF4B-00C04F79EFBC}") = "Tyuiu.PaulikKV.Sprint4.Task1.V29.Test", "Tyuiu.PaulikKV.Sprint4.Task1.V29.Test\Tyuiu.PaulikKV.Sprint4.Task1.V29.Test.csproj", "{C8F28887-AB9C-4429-9B5B-75F7C143FC10}"
EndProject
Project("{2150E333-8FDC-42A3-9474-1A3956D46DE8}") = "Task2", "Task2", "{6826DF4D-545C-427C-B464-922B1D8AC690}"
EndProject
Project("{FAE04EC0-301F-11D3-BF4B-00C04F79EFBC}") = "Tyuiu.PaulikKV.Sprint4.Task2.V30.Test", "Tyuiu.PaulikKV.Sprint4.Task2.V30.Test\Tyuiu.PaulikKV.Sprint4.Task2.V30.Test.csproj", "{1A6167A0-11DC-4CC2-A494-79CD9BD28948}"
EndProject
Project("{FAE04EC0-301F-11D3-BF4B-00C04F79EFBC}") = "Tyuiu.PaulikKV.Sprint4.Task2.V30.Lib", "Tyuiu.PaulikKV.Sprint4.Task2.V30.Lib\Tyuiu.PaulikKV.Sprint4.Task2.V30.Lib.csproj", "{028055B3-80A3-412C-83FC-5952997816F3}"
EndProject
Project("{FAE04EC0-301F-11D3-BF4B-00C04F79EFBC}") = "Tyuiu.PaulikKV.Sprint4.Task2.V30", "Tyuiu.PaulikKV.Sprint4.Task2.V30\Tyuiu.PaulikKV.Sprint4.Task2.V30.csproj", "{E308DB68-AE96-4C05-9632-2B42692E9AF7}"
EndProject
Project("{2150E333-8FDC-42A3-9474-1A3956D46DE8}") = "Task3", "Task3", "{823D4507-20DD-4152-BA14-3C3521B43455}"
EndProject
Project("{FAE04EC0-301F-11D3-BF4B-00C04F79EFBC}") = "Tyuiu.PaulikKV.Sprint4.Task3.V2", "Tyuiu.PaulikKV.Sprint4.Task3.V2\Tyuiu.PaulikKV.Sprint4.Task3.V2.csproj", "{336F043B-16A5-4CA9-9BF1-8B4430A5652D}"
EndProject
Project("{FAE04EC0-301F-11D3-BF4B-00C04F79EFBC}") = "Tyuiu.PaulikKV.Sprint4.Task3.V2.Lib", "Tyuiu.PaulikKV.Sprint4.Task3.V2.Lib\Tyuiu.PaulikKV.Sprint4.Task3.V2.Lib.csproj", "{31353789-7186-4DBC-B73F-889BEBB4E21E}"
EndProject
Project("{FAE04EC0-301F-11D3-BF4B-00C04F79EFBC}") = "Tyuiu.PaulikKV.Sprint4.Task3.V2.Test", "Tyuiu.PaulikKV.Sprint4.Task3.V2.Test\Tyuiu.PaulikKV.Sprint4.Task3.V2.Test.csproj", "{48FA9AB9-D45C-4877-98D5-26255E2AD64C}"
EndProject
Project("{2150E333-8FDC-42A3-9474-1A3956D46DE8}") = "Task4", "Task4", "{D1053193-06E2-406E-A5C3-F17FB0B1AEF4}"
EndProject
Project("{FAE04EC0-301F-11D3-BF4B-00C04F79EFBC}") = "Tyuiu.PaulikKV.Sprint4.Task4.V3.Test", "Tyuiu.PaulikKV.Sprint4.Task4.V3.Test\Tyuiu.PaulikKV.Sprint4.Task4.V3.Test.csproj", "{C2B0DFF8-57B0-4CD5-A846-8EDFEF96E0AA}"
EndProject
Project("{FAE04EC0-301F-11D3-BF4B-00C04F79EFBC}") = "Tyuiu.PaulikKV.Sprint4.Task4.V3.Lib", "Tyuiu.PaulikKV.Sprint4.Task4.V3.Lib\Tyuiu.PaulikKV.Sprint4.Task4.V3.Lib.csproj", "{B0AA3829-1E17-4552-B8B8-6CA61AAF7D80}"
EndProject
Project("{FAE04EC0-301F-11D3-BF4B-00C04F79EFBC}") = "Tyuiu.PaulikKV.Sprint4.Task4.V3", "Tyuiu.PaulikKV.Sprint4.Task4.V3\Tyuiu.PaulikKV.Sprint4.Task4.V3.csproj", "{4BA930EE-E652-4220-A84E-9BA62F853C20}"
EndProject
Global
	GlobalSection(SolutionConfigurationPlatforms) = preSolution
		Debug|Any CPU = Debug|Any CPU
		Release|Any CPU = Release|Any CPU
	EndGlobalSection
	GlobalSection(ProjectConfigurationPlatforms) = postSolution
		{75A78D84-D682-42FA-B6AC-1C0A52B4313C}.Debug|Any CPU.ActiveCfg = Debug|Any CPU
		{75A78D84-D682-42FA-B6AC-1C0A52B4313C}.Debug|Any CPU.Build.0 = Debug|Any CPU
		{75A78D84-D682-42FA-B6AC-1C0A52B4313C}.Release|Any CPU.ActiveCfg = Release|Any CPU
		{75A78D84-D682-42FA-B6AC-1C0A52B4313C}.Release|Any CPU.Build.0 = Release|Any CPU
		{3C8EDDAB-720D-4727-8A01-1ABF4B3C540C}.Debug|Any CPU.ActiveCfg = Debug|Any CPU
		{3C8EDDAB-720D-4727-8A01-1ABF4B3C540C}.Debug|Any CPU.Build.0 = Debug|Any CPU
		{3C8EDDAB-720D-4727-8A01-1ABF4B3C540C}.Release|Any CPU.ActiveCfg = Release|Any CPU
		{3C8EDDAB-720D-4727-8A01-1ABF4B3C540C}.Release|Any CPU.Build.0 = Release|Any CPU
		{426686E4-EC59-463C-9C29-BE44B867C4F7}.Debug|Any CPU.ActiveCfg = Debug|Any CPU
		{426686E4-EC59-463C-9C29-BE44B867C4F7}.Debug|Any CPU.Build.0 = Debug|Any CPU
		{426686E4-EC59-463C-9C29-BE44B867C4F7}.Release|Any CPU.ActiveCfg = Release|Any CPU
		{426686E4-EC59-463C-9C29-BE44B867C4F7}.Release|Any CPU.Build.0 = Release|Any CPU
		{0BE994F9-D895-4D23-9464-FA9C30747FC3}.Debug|Any CPU.ActiveCfg = Debug|Any CPU
		{0BE994F9-D895-4D23-9464-FA9C30747FC3}.Debug|Any CPU.Build.0 = Debug|Any CPU
		{0BE994F9-D895-4D23-9464-FA9C30747FC3}.Release|Any CPU.ActiveCfg = Release|Any CPU
		{0BE994F9-D895-4D23-9464-FA9C30747FC3}.Release|Any CPU.Build.0 = Release|Any CPU
		{75414679-6C24-461C-9953-2C6EA7EE8A9D}.Debug|Any CPU.ActiveCfg = Debug|Any CPU
		{75414679-6C24-461C-9953-2C6EA7EE8A9D}.Debug|Any CPU.Build.0 = Debug|Any CPU
		{75414679-6C24-461C-9953-2C6EA7EE8A9D}.Release|Any CPU.ActiveCfg = Release|Any CPU
		{75414679-6C24-461C-9953-2C6EA7EE8A9D}.Release|Any CPU.Build.0 = Release|Any CPU
		{C8F28887-AB9C-4429-9B5B-75F7C143FC10}.Debug|Any CPU.ActiveCfg = Debug|Any CPU
		{C8F28887-AB9C-4429-9B5B-75F7C143FC10}.Debug|Any CPU.Build.0 = Debug|Any CPU
		{C8F28887-AB9C-4429-9B5B-75F7C143FC10}.Release|Any CPU.ActiveCfg = Release|Any CPU
		{C8F28887-AB9C-4429-9B5B-75F7C143FC10}.Release|Any CPU.Build.0 = Release|Any CPU
		{1A6167A0-11DC-4CC2-A494-79CD9BD28948}.Debug|Any CPU.ActiveCfg = Debug|Any CPU
		{1A6167A0-11DC-4CC2-A494-79CD9BD28948}.Debug|Any CPU.Build.0 = Debug|Any CPU
		{1A6167A0-11DC-4CC2-A494-79CD9BD28948}.Release|Any CPU.ActiveCfg = Release|Any CPU
		{1A6167A0-11DC-4CC2-A494-79CD9BD28948}.Release|Any CPU.Build.0 = Release|Any CPU
		{028055B3-80A3-412C-83FC-5952997816F3}.Debug|Any CPU.ActiveCfg = Debug|Any CPU
		{028055B3-80A3-412C-83FC-5952997816F3}.Debug|Any CPU.Build.0 = Debug|Any CPU
		{028055B3-80A3-412C-83FC-5952997816F3}.Release|Any CPU.ActiveCfg = Release|Any CPU
		{028055B3-80A3-412C-83FC-5952997816F3}.Release|Any CPU.Build.0 = Release|Any CPU
		{E308DB68-AE96-4C05-9632-2B42692E9AF7}.Debug|Any CPU.ActiveCfg = Debug|Any CPU
		{E308DB68-AE96-4C05-9632-2B42692E9AF7}.Debug|Any CPU.Build.0 = Debug|Any CPU
		{E308DB68-AE96-4C05-9632-2B42692E9AF7}.Release|Any CPU.ActiveCfg = Release|Any CPU
		{E308DB68-AE96-4C05-9632-2B42692E9AF7}.Release|Any CPU.Build.0 = Release|Any CPU
		{336F043B-16A5-4CA9-9BF1-8B4430A5652D}.Debug|Any CPU.ActiveCfg = Debug|Any CPU
		{336F043B-16A5-4CA9-9BF1-8B4430A5652D}.Debug|Any CPU.Build.0 = Debug|Any CPU
		{336F043B-16A5-4CA9-9BF1-8B4430A5652D}.Release|Any CPU.ActiveCfg = Release|Any CPU
		{336F043B-16A5-4CA9-9BF1-8B4430A5652D}.Release|Any CPU.Build.0 = Release|Any CPU
		{31353789-7186-4DBC-B73F-889BEBB4E21E}.Debug|Any CPU.ActiveCfg = Debug|Any CPU
		{31353789-7186-4DBC-B73F-889BEBB4E21E}.Debug|Any CPU.Build.0 = Debug|Any CPU
		{31353789-7186-4DBC-B73F-889BEBB4E21E}.Release|Any CPU.ActiveCfg = Release|Any CPU
		{31353789-7186-4DBC-B73F-889BEBB4E21E}.Release|Any CPU.Build.0 = Release|Any CPU
		{48FA9AB9-D45C-4877-98D5-26255E2AD64C}.Debug|Any CPU.ActiveCfg = Debug|Any CPU
		{48FA9AB9-D45C-4877-98D5-26255E2AD64C}.Debug|Any CPU.Build.0 = Debug|Any CPU
		{48FA9AB9-D45C-4877-98D5-26255E2AD64C}.Release|Any CPU.ActiveCfg = Release|Any CPU
		{48FA9AB9-D45C-4877-98D5-26255E2AD64C}.Release|Any CPU.Build.0 = Release|Any CPU
		{C2B0DFF8-57B0-4CD5-A846-8EDFEF96E0AA}.Debug|Any CPU.ActiveCfg = Debug|Any CPU
		{C2B0DFF8-57B0-4CD5-A846-8EDFEF96E0AA}.Debug|Any CPU.Build.0 = Debug|Any CPU
		{C2B0DFF8-57B0-4CD5-A846-8EDFEF96E0AA}.Release|Any CPU.ActiveCfg = Release|Any CPU
		{C2B0DFF8-57B0-4CD5-A846-8EDFEF96E0AA}.Release|Any CPU.Build.0 = Release|Any CPU
		{B0AA3829-1E17-4552-B8B8-6CA61AAF7D80}.Debug|Any CPU.ActiveCfg = Debug|Any CPU
		{B0AA3829-1E17-4552-B8B8-6CA61AAF7D80}.Debug|Any CPU.Build.0 = Debug|Any CPU
		{B0AA3829-1E17-4552-B8B8-6CA61AAF7D80}.Release|Any CPU.ActiveCfg = Release|Any CPU
		{B0AA3829-1E17-4552-B8B8-6CA61AAF7D80}.Release|Any CPU.Build.0 = Release|Any CPU
		{4BA930EE-E652-4220-A84E-9BA62F853C20}.Debug|Any CPU.ActiveCfg = Debug|Any CPU
		{4BA930EE-E652-4220-A84E-9BA62F853C20}.Debug|Any CPU.Build.0 = Debug|Any CPU
		{4BA930EE-E652-4220-A84E-9BA62F853C20}.Release|Any CPU.ActiveCfg = Release|Any CPU
		{4BA930EE-E652-4220-A84E-9BA62F853C20}.Release|Any CPU.Build.0 = Release|Any CPU
	EndGlobalSection
	GlobalSection(SolutionProperties) = preSolution
		HideSolutionNode = FALSE
	EndGlobalSection
	GlobalSection(NestedProjects) = preSolution
		{75A78D84-D682-42FA-B6AC-1C0A52B4313C} = {112A482F-1AFF-44DC-9D2D-9F230DE11C4B}
		{3C8EDDAB-720D-4727-8A01-1ABF4B3C540C} = {112A482F-1AFF-44DC-9D2D-9F230DE11C4B}
		{426686E4-EC59-463C-9C29-BE44B867C4F7} = {112A482F-1AFF-44DC-9D2D-9F230DE11C4B}
		{0BE994F9-D895-4D23-9464-FA9C30747FC3} = {6452838D-B32B-4413-BBD1-B5DBC3C74D50}
		{75414679-6C24-461C-9953-2C6EA7EE8A9D} = {6452838D-B32B-4413-BBD1-B5DBC3C74D50}
		{C8F28887-AB9C-4429-9B5B-75F7C143FC10} = {6452838D-B32B-4413-BBD1-B5DBC3C74D50}
		{1A6167A0-11DC-4CC2-A494-79CD9BD28948} = {6826DF4D-545C-427C-B464-922B1D8AC690}
		{028055B3-80A3-412C-83FC-5952997816F3} = {6826DF4D-545C-427C-B464-922B1D8AC690}
		{E308DB68-AE96-4C05-9632-2B42692E9AF7} = {6826DF4D-545C-427C-B464-922B1D8AC690}
		{336F043B-16A5-4CA9-9BF1-8B4430A5652D} = {823D4507-20DD-4152-BA14-3C3521B43455}
		{31353789-7186-4DBC-B73F-889BEBB4E21E} = {823D4507-20DD-4152-BA14-3C3521B43455}
		{48FA9AB9-D45C-4877-98D5-26255E2AD64C} = {823D4507-20DD-4152-BA14-3C3521B43455}
		{C2B0DFF8-57B0-4CD5-A846-8EDFEF96E0AA} = {D1053193-06E2-406E-A5C3-F17FB0B1AEF4}
		{B0AA3829-1E17-4552-B8B8-6CA61AAF7D80} = {D1053193-06E2-406E-A5C3-F17FB0B1AEF4}
		{4BA930EE-E652-4220-A84E-9BA62F853C20} = {D1053193-06E2-406E-A5C3-F17FB0B1AEF4}
	EndGlobalSection
	GlobalSection(ExtensibilityGlobals) = postSolution
		SolutionGuid = {F54ED04F-F099-498E-9395-E413AF3C8DAA}
	EndGlobalSection
EndGlobal
